<?xml version="1.0" encoding="utf-8"?>
<Project ToolsVersion="4.0" xmlns="http://schemas.microsoft.com/developer/msbuild/2003">
  <ItemGroup>
    <ClCompile Include="ip\UdpSocket.cpp">
      <Filter>SourceFiles</Filter>
    </ClCompile>
    <ClCompile Include="ip\IpEndpointName.cpp">
      <Filter>SourceFiles</Filter>
    </ClCompile>
    <ClCompile Include="ip\NetworkingUtils.cpp">
      <Filter>SourceFiles</Filter>
    </ClCompile>
    <ClCompile Include="osc\OscOutboundPacketStream.cpp">
      <Filter>SourceFiles</Filter>
    </ClCompile>
    <ClCompile Include="osc\OscPrintReceivedElements.cpp">
      <Filter>SourceFiles</Filter>
    </ClCompile>
    <ClCompile Include="osc\OscReceivedElements.cpp">
      <Filter>SourceFiles</Filter>
    </ClCompile>
    <ClCompile Include="osc\OscTypes.cpp">
      <Filter>SourceFiles</Filter>
    </ClCompile>
    <ClCompile Include="NatNet2OSC.cpp">
      <Filter>SourceFiles</Filter>
    </ClCompile>
  </ItemGroup>
  <ItemGroup>
    <Filter Include="Header Files">
      <UniqueIdentifier>{bb403027-a206-4bd7-80ad-0c037da131b1}</UniqueIdentifier>
      <Extensions>h;hpp;hxx;hm;inl;inc;xsd</Extensions>
    </Filter>
    <Filter Include="SourceFiles">
      <UniqueIdentifier>{2a3370d4-8dbe-42fc-9912-838648f445a5}</UniqueIdentifier>
    </Filter>
    <Filter Include="Resource File">
      <UniqueIdentifier>{972fb550-defc-49c8-bdb1-866b0f441101}</UniqueIdentifier>
    </Filter>
  </ItemGroup>
  <ItemGroup>
    <ClInclude Include="ip\IpEndpointName.h">
      <Filter>Header Files</Filter>
    </ClInclude>
    <ClInclude Include="ip\NetworkingUtils.h">
      <Filter>Header Files</Filter>
    </ClInclude>
    <ClInclude Include="ip\PacketListener.h">
      <Filter>Header Files</Filter>
    </ClInclude>
    <ClInclude Include="ip\TimerListener.h">
      <Filter>Header Files</Filter>
    </ClInclude>
    <ClInclude Include="ip\UdpSocket.h">
      <Filter>Header Files</Filter>
    </ClInclude>
    <ClInclude Include="osc\MessageMappingOscPacketListener.h">
      <Filter>Header Files</Filter>
    </ClInclude>
    <ClInclude Include="osc\OscException.h">
      <Filter>Header Files</Filter>
    </ClInclude>
    <ClInclude Include="osc\OscHostEndianness.h">
      <Filter>Header Files</Filter>
    </ClInclude>
    <ClInclude Include="osc\OscOutboundPacketStream.h">
      <Filter>Header Files</Filter>
    </ClInclude>
    <ClInclude Include="osc\OscPacketListener.h">
      <Filter>Header Files</Filter>
    </ClInclude>
    <ClInclude Include="osc\OscPrintReceivedElements.h">
      <Filter>Header Files</Filter>
    </ClInclude>
    <ClInclude Include="osc\OscReceivedElements.h">
      <Filter>Header Files</Filter>
    </ClInclude>
    <ClInclude Include="osc\OscTypes.h">
      <Filter>Header Files</Filter>
    </ClInclude>
    <ClInclude Include="natnet\NatNetClient.h">
      <Filter>Header Files</Filter>
    </ClInclude>
    <ClInclude Include="natnet\NatNetRepeater.h">
      <Filter>Header Files</Filter>
    </ClInclude>
    <ClInclude Include="natnet\NatNetServer.h">
      <Filter>Header Files</Filter>
    </ClInclude>
    <ClInclude Include="natnet\NatNetTypes.h">
      <Filter>Header Files</Filter>
    </ClInclude>
  </ItemGroup>
  <ItemGroup>
    <ResourceCompile Include="PacketClient.rc">
      <Filter>Resource File</Filter>
    </ResourceCompile>
  </ItemGroup>
</Project>